lockfileVersion: '9.0'

settings:
  autoInstallPeers: false
  excludeLinksFromLockfile: false

overrides:
  '@tangle-network/agent-app': file:./vendor/agent-app/tangle-network-agent-app-0.45.33.tgz
  '@tangle-network/agent-interface': 0.43.0

importers:

  .:
    dependencies:
      '@tangle-network/agent-app':
        specifier: file:vendor/agent-app/tangle-network-agent-app-0.45.33.tgz
        version: file:vendor/agent-app/tangle-network-agent-app-0.45.33.tgz(43b2edaafce81be2710f166d90c76cc4)
      '@tangle-network/agent-interface':
        specifier: 0.43.0
        version: 0.43.0

packages:

  '@tangle-network/agent-app@file:vendor/agent-app/tangle-network-agent-app-0.45.33.tgz':
    resolution: {integrity: sha512-G0Oam2JEbu+H9u5k2ta4KhlfvpjBeX/no/6wktrlBYx8xGHcahhBQQCIpNnnlIL933d2HDVAkrlPLnbczjFXfQ==, tarball: file:vendor/agent-app/tangle-network-agent-app-0.45.33.tgz}
    version: 0.45.33
    hasBin: true

  '@tangle-network/agent-interface@0.43.0':
    resolution: {integrity: sha512-t35nGOJ3sWouHoUM/5A8eUmsR+8JcuRF6VFQbT9cPzxIMUV3NsFMJgYXPGmyIj65vtvs73O6Mvijp47FAAGbuQ==}

snapshots:

  '@tangle-network/agent-app@file:vendor/agent-app/tangle-network-agent-app-0.45.33.tgz(43b2edaafce81be2710f166d90c76cc4)':
    dependencies:
      '@tangle-network/agent-interface': 0.43.0

  '@tangle-network/agent-interface@0.43.0': {}
